
Microsoft Visual Studio Solution File, Format Version 12.00
# Visual Studio Version 17
VisualStudioVersion = 17.14.36310.24
MinimumVisualStudioVersion = 10.0.40219.1
Project("{FAE04EC0-301F-11D3-BF4B-00C04F79EFBC}") = "FreightBKShippingWebApp", "FreightBKShippingWebApp\FreightBKShippingWebApp.csproj", "{279BB009-4344-4DFC-B925-FE73BFF3806F}"
EndProject
Global
	GlobalSection(SolutionConfigurationPlatforms) = preSolution
		Debug|Any CPU = Debug|Any CPU
		Release|Any CPU = Release|Any CPU
	EndGlobalSection
	GlobalSection(ProjectConfigurationPlatforms) = postSolution
		{279BB009-4344-4DFC-B925-FE73BFF3806F}.Debug|Any CPU.ActiveCfg = Debug|Any CPU
		{279BB009-4344-4DFC-B925-FE73BFF3806F}.Debug|Any CPU.Build.0 = Debug|Any CPU
		{279BB009-4344-4DFC-B925-FE73BFF3806F}.Release|Any CPU.ActiveCfg = Release|Any CPU
		{279BB009-4344-4DFC-B925-FE73BFF3806F}.Release|Any CPU.Build.0 = Release|Any CPU
	EndGlobalSection
	GlobalSection(SolutionProperties) = preSolution
		HideSolutionNode = FALSE
	EndGlobalSection
	GlobalSection(ExtensibilityGlobals) = postSolution
		SolutionGuid = {4FC657CD-453F-46DA-891C-6A3B47B026A6}
	EndGlobalSection
EndGlobal
